// !$*UTF8*$!
{
	archiveVersion = 1;
	classes = {
	};
	objectVersion = 55;
	objects = {

/* Begin PBXBuildFile section */
		727E1BBA28C63FCA00C2AFC4 /* BuildABuddyApp.swift in Sources */ = {isa = PBXBuildFile; fileRef = 727E1BB928C63FCA00C2AFC4 /* BuildABuddyApp.swift */; };
		727E1BBC28C63FCA00C2AFC4 /* ContentView.swift in Sources */ = {isa = PBXBuildFile; fileRef = 727E1BBB28C63FCA00C2AFC4 /* ContentView.swift */; };
		727E1BBE28C63FCC00C2AFC4 /* Assets.xcassets in Resources */ = {isa = PBXBuildFile; fileRef = 727E1BBD28C63FCC00C2AFC4 /* Assets.xcassets */; };
		727E1BCB28C640A400C2AFC4 /* BuildABuddyKit in Frameworks */ = {isa = PBXBuildFile; productRef = 727E1BCA28C640A400C2AFC4 /* BuildABuddyKit */; };
		727E1BD928C640C800C2AFC4 /* PreviewView.swift in Sources */ = {isa = PBXBuildFile; fileRef = 727E1BCC28C640C800C2AFC4 /* PreviewView.swift */; };
		727E1BDA28C640C800C2AFC4 /* ConfiguratorView.swift in Sources */ = {isa = PBXBuildFile; fileRef = 727E1BCD28C640C800C2AFC4 /* ConfiguratorView.swift */; };
		727E1BDB28C640C800C2AFC4 /* Mouth+Helpers.swift in Sources */ = {isa = PBXBuildFile; fileRef = 727E1BCF28C640C800C2AFC4 /* Mouth+Helpers.swift */; };
		727E1BDC28C640C800C2AFC4 /* Nose+Helpers.swift in Sources */ = {isa = PBXBuildFile; fileRef = 727E1BD028C640C800C2AFC4 /* Nose+Helpers.swift */; };
		727E1BDD28C640C800C2AFC4 /* Eye+Helpers.swift in Sources */ = {isa = PBXBuildFile; fileRef = 727E1BD128C640C800C2AFC4 /* Eye+Helpers.swift */; };
		727E1BDE28C640C800C2AFC4 /* Pants+Helpers.swift in Sources */ = {isa = PBXBuildFile; fileRef = 727E1BD228C640C800C2AFC4 /* Pants+Helpers.swift */; };
		727E1BDF28C640C800C2AFC4 /* Shoe+Helpers.swift in Sources */ = {isa = PBXBuildFile; fileRef = 727E1BD328C640C800C2AFC4 /* Shoe+Helpers.swift */; };
		727E1BE028C640C800C2AFC4 /* Skin+Helpers.swift in Sources */ = {isa = PBXBuildFile; fileRef = 727E1BD428C640C800C2AFC4 /* Skin+Helpers.swift */; };
		727E1BE128C640C800C2AFC4 /* Eyebrow+Helpers.swift in Sources */ = {isa = PBXBuildFile; fileRef = 727E1BD528C640C800C2AFC4 /* Eyebrow+Helpers.swift */; };
		727E1BE228C640C800C2AFC4 /* Hair+Helpers.swift in Sources */ = {isa = PBXBuildFile; fileRef = 727E1BD628C640C800C2AFC4 /* Hair+Helpers.swift */; };
		727E1BE328C640C800C2AFC4 /* Shirt+Helpers.swift in Sources */ = {isa = PBXBuildFile; fileRef = 727E1BD728C640C800C2AFC4 /* Shirt+Helpers.swift */; };
		727E1BE428C640C800C2AFC4 /* BuddyBuilder.swift in Sources */ = {isa = PBXBuildFile; fileRef = 727E1BD828C640C800C2AFC4 /* BuddyBuilder.swift */; };
		72E60AFE28C74530009C25C7 /* NoseConfiguratorView.swift in Sources */ = {isa = PBXBuildFile; fileRef = 72E60AFD28C74530009C25C7 /* NoseConfiguratorView.swift */; };
		72E60B0128C7459E009C25C7 /* MouthConfiguratorView.swift in Sources */ = {isa = PBXBuildFile; fileRef = 72E60B0028C7459E009C25C7 /* MouthConfiguratorView.swift */; };
		72E60B0328C745B5009C25C7 /* HairConfiguratorView.swift in Sources */ = {isa = PBXBuildFile; fileRef = 72E60B0228C745B5009C25C7 /* HairConfiguratorView.swift */; };
		72E60B0528C745CA009C25C7 /* ShirtConfiguratorView.swift in Sources */ = {isa = PBXBuildFile; fileRef = 72E60B0428C745CA009C25C7 /* ShirtConfiguratorView.swift */; };
		72E60B0728C745E7009C25C7 /* PantsConfiguratorView.swift in Sources */ = {isa = PBXBuildFile; fileRef = 72E60B0628C745E7009C25C7 /* PantsConfiguratorView.swift */; };
		72E60B0928C74604009C25C7 /* ShoesConfiguratorView.swift in Sources */ = {isa = PBXBuildFile; fileRef = 72E60B0828C74604009C25C7 /* ShoesConfiguratorView.swift */; };
		72E60B0B28C74639009C25C7 /* EyesConfiguratorView.swift in Sources */ = {isa = PBXBuildFile; fileRef = 72E60B0A28C74639009C25C7 /* EyesConfiguratorView.swift */; };
/* End PBXBuildFile section */

/* Begin PBXFileReference section */
		727E1BB628C63FCA00C2AFC4 /* BuildABuddy.app */ = {isa = PBXFileReference; explicitFileType = wrapper.application; includeInIndex = 0; path = BuildABuddy.app; sourceTree = BUILT_PRODUCTS_DIR; };
		727E1BB928C63FCA00C2AFC4 /* BuildABuddyApp.swift */ = {isa = PBXFileReference; lastKnownFileType = sourcecode.swift; path = BuildABuddyApp.swift; sourceTree = "<group>"; };
		727E1BBB28C63FCA00C2AFC4 /* ContentView.swift */ = {isa = PBXFileReference; lastKnownFileType = sourcecode.swift; path = ContentView.swift; sourceTree = "<group>"; };
		727E1BBD28C63FCC00C2AFC4 /* Assets.xcassets */ = {isa = PBXFileReference; lastKnownFileType = folder.assetcatalog; path = Assets.xcassets; sourceTree = "<group>"; };
		727E1BC828C6408700C2AFC4 /* BuildABuddyKit */ = {isa = PBXFileReference; lastKnownFileType = wrapper; path = BuildABuddyKit; sourceTree = "<group>"; };
		727E1BCC28C640C800C2AFC4 /* PreviewView.swift */ = {isa = PBXFileReference; fileEncoding = 4; lastKnownFileType = sourcecode.swift; path = PreviewView.swift; sourceTree = "<group>"; };
		727E1BCD28C640C800C2AFC4 /* ConfiguratorView.swift */ = {isa = PBXFileReference; fileEncoding = 4; lastKnownFileType = sourcecode.swift; path = ConfiguratorView.swift; sourceTree = "<group>"; };
		727E1BCF28C640C800C2AFC4 /* Mouth+Helpers.swift */ = {isa = PBXFileReference; fileEncoding = 4; lastKnownFileType = sourcecode.swift; path = "Mouth+Helpers.swift"; sourceTree = "<group>"; };
		727E1BD028C640C800C2AFC4 /* Nose+Helpers.swift */ = {isa = PBXFileReference; fileEncoding = 4; lastKnownFileType = sourcecode.swift; path = "Nose+Helpers.swift"; sourceTree = "<group>"; };
		727E1BD128C640C800C2AFC4 /* Eye+Helpers.swift */ = {isa = PBXFileReference; fileEncoding = 4; lastKnownFileType = sourcecode.swift; path = "Eye+Helpers.swift"; sourceTree = "<group>"; };
		727E1BD228C640C800C2AFC4 /* Pants+Helpers.swift */ = {isa = PBXFileReference; fileEncoding = 4; lastKnownFileType = sourcecode.swift; path = "Pants+Helpers.swift"; sourceTree = "<group>"; };
		727E1BD328C640C800C2AFC4 /* Shoe+Helpers.swift */ = {isa = PBXFileReference; fileEncoding = 4; lastKnownFileType = sourcecode.swift; path = "Shoe+Helpers.swift"; sourceTree = "<group>"; };
		727E1BD428C640C800C2AFC4 /* Skin+Helpers.swift */ = {isa = PBXFileReference; fileEncoding = 4; lastKnownFileType = sourcecode.swift; path = "Skin+Helpers.swift"; sourceTree = "<group>"; };
		727E1BD528C640C800C2AFC4 /* Eyebrow+Helpers.swift */ = {isa = PBXFileReference; fileEncoding = 4; lastKnownFileType = sourcecode.swift; path = "Eyebrow+Helpers.swift"; sourceTree = "<group>"; };
		727E1BD628C640C800C2AFC4 /* Hair+Helpers.swift */ = {isa = PBXFileReference; fileEncoding = 4; lastKnownFileType = sourcecode.swift; path = "Hair+Helpers.swift"; sourceTree = "<group>"; };
		727E1BD728C640C800C2AFC4 /* Shirt+Helpers.swift */ = {isa = PBXFileReference; fileEncoding = 4; lastKnownFileType = sourcecode.swift; path = "Shirt+Helpers.swift"; sourceTree = "<group>"; };
		727E1BD828C640C800C2AFC4 /* BuddyBuilder.swift */ = {isa = PBXFileReference; fileEncoding = 4; lastKnownFileType = sourcecode.swift; path = BuddyBuilder.swift; sourceTree = "<group>"; };
		72E60AFD28C74530009C25C7 /* NoseConfiguratorView.swift */ = {isa = PBXFileReference; lastKnownFileType = sourcecode.swift; path = NoseConfiguratorView.swift; sourceTree = "<group>"; };
		72E60B0028C7459E009C25C7 /* MouthConfiguratorView.swift */ = {isa = PBXFileReference; lastKnownFileType = sourcecode.swift; path = MouthConfiguratorView.swift; sourceTree = "<group>"; };
		72E60B0228C745B5009C25C7 /* HairConfiguratorView.swift */ = {isa = PBXFileReference; lastKnownFileType = sourcecode.swift; path = HairConfiguratorView.swift; sourceTree = "<group>"; };
		72E60B0428C745CA009C25C7 /* ShirtConfiguratorView.swift */ = {isa = PBXFileReference; lastKnownFileType = sourcecode.swift; path = ShirtConfiguratorView.swift; sourceTree = "<group>"; };
		72E60B0628C745E7009C25C7 /* PantsConfiguratorView.swift */ = {isa = PBXFileReference; lastKnownFileType = sourcecode.swift; path = PantsConfiguratorView.swift; sourceTree = "<group>"; };
		72E60B0828C74604009C25C7 /* ShoesConfiguratorView.swift */ = {isa = PBXFileReference; lastKnownFileType = sourcecode.swift; path = ShoesConfiguratorView.swift; sourceTree = "<group>"; };
		72E60B0A28C74639009C25C7 /* EyesConfiguratorView.swift */ = {isa = PBXFileReference; lastKnownFileType = sourcecode.swift; path = EyesConfiguratorView.swift; sourceTree = "<group>"; };
/* End PBXFileReference section */

/* Begin PBXFrameworksBuildPhase section */
		727E1BB328C63FCA00C2AFC4 /* Frameworks */ = {
			isa = PBXFrameworksBuildPhase;
			buildActionMask = 2147483647;
			files = (
				727E1BCB28C640A400C2AFC4 /* BuildABuddyKit in Frameworks */,
			);
			runOnlyForDeploymentPostprocessing = 0;
		};
/* End PBXFrameworksBuildPhase section */

/* Begin PBXGroup section */
		727E1BAD28C63FCA00C2AFC4 = {
			isa = PBXGroup;
			children = (
				727E1BC728C6408700C2AFC4 /* Packages */,
				727E1BB828C63FCA00C2AFC4 /* BuildABuddy */,
				727E1BB728C63FCA00C2AFC4 /* Products */,
				727E1BC928C640A400C2AFC4 /* Frameworks */,
			);
			sourceTree = "<group>";
		};
		727E1BB728C63FCA00C2AFC4 /* Products */ = {
			isa = PBXGroup;
			children = (
				727E1BB628C63FCA00C2AFC4 /* BuildABuddy.app */,
			);
			name = Products;
			sourceTree = "<group>";
		};
		727E1BB828C63FCA00C2AFC4 /* BuildABuddy */ = {
			isa = PBXGroup;
			children = (
				727E1BB928C63FCA00C2AFC4 /* BuildABuddyApp.swift */,
				727E1BBD28C63FCC00C2AFC4 /* Assets.xcassets */,
				727E1BCE28C640C800C2AFC4 /* Library */,
				727E1BE528C640D800C2AFC4 /* Views */,
			);
			path = BuildABuddy;
			sourceTree = "<group>";
		};
		727E1BC728C6408700C2AFC4 /* Packages */ = {
			isa = PBXGroup;
			children = (
				727E1BC828C6408700C2AFC4 /* BuildABuddyKit */,
			);
			name = Packages;
			sourceTree = "<group>";
		};
		727E1BC928C640A400C2AFC4 /* Frameworks */ = {
			isa = PBXGroup;
			children = (
			);
			name = Frameworks;
			sourceTree = "<group>";
		};
		727E1BCE28C640C800C2AFC4 /* Library */ = {
			isa = PBXGroup;
			children = (
				727E1BD828C640C800C2AFC4 /* BuddyBuilder.swift */,
				727E1BD128C640C800C2AFC4 /* Eye+Helpers.swift */,
				727E1BD528C640C800C2AFC4 /* Eyebrow+Helpers.swift */,
				727E1BD628C640C800C2AFC4 /* Hair+Helpers.swift */,
				727E1BCF28C640C800C2AFC4 /* Mouth+Helpers.swift */,
				727E1BD028C640C800C2AFC4 /* Nose+Helpers.swift */,
				727E1BD228C640C800C2AFC4 /* Pants+Helpers.swift */,
				727E1BD728C640C800C2AFC4 /* Shirt+Helpers.swift */,
				727E1BD328C640C800C2AFC4 /* Shoe+Helpers.swift */,
				727E1BD428C640C800C2AFC4 /* Skin+Helpers.swift */,
			);
			path = Library;
			sourceTree = "<group>";
		};
		727E1BE528C640D800C2AFC4 /* Views */ = {
			isa = PBXGroup;
			children = (
				72E60AFF28C74535009C25C7 /* Configurator */,
				727E1BBB28C63FCA00C2AFC4 /* ContentView.swift */,
				727E1BCC28C640C800C2AFC4 /* PreviewView.swift */,
			);
			path = Views;
			sourceTree = "<group>";
		};
		72E60AFF28C74535009C25C7 /* Configurator */ = {
			isa = PBXGroup;
			children = (
				727E1BCD28C640C800C2AFC4 /* ConfiguratorView.swift */,
				72E60B0A28C74639009C25C7 /* EyesConfiguratorView.swift */,
				72E60B0228C745B5009C25C7 /* HairConfiguratorView.swift */,
				72E60B0028C7459E009C25C7 /* MouthConfiguratorView.swift */,
				72E60AFD28C74530009C25C7 /* NoseConfiguratorView.swift */,
				72E60B0628C745E7009C25C7 /* PantsConfiguratorView.swift */,
				72E60B0428C745CA009C25C7 /* ShirtConfiguratorView.swift */,
				72E60B0828C74604009C25C7 /* ShoesConfiguratorView.swift */,
			);
			path = Configurator;
			sourceTree = "<group>";
		};
/* End PBXGroup section */

/* Begin PBXNativeTarget section */
		727E1BB528C63FCA00C2AFC4 /* BuildABuddy */ = {
			isa = PBXNativeTarget;
			buildConfigurationList = 727E1BC428C63FCC00C2AFC4 /* Build configuration list for PBXNativeTarget "BuildABuddy" */;
			buildPhases = (
				727E1BB228C63FCA00C2AFC4 /* Sources */,
				727E1BB328C63FCA00C2AFC4 /* Frameworks */,
				727E1BB428C63FCA00C2AFC4 /* Resources */,
			);
			buildRules = (
			);
			dependencies = (
			);
			name = BuildABuddy;
			packageProductDependencies = (
				727E1BCA28C640A400C2AFC4 /* BuildABuddyKit */,
			);
			productName = BuildABuddy;
			productReference = 727E1BB628C63FCA00C2AFC4 /* BuildABuddy.app */;
			productType = "com.apple.product-type.application";
		};
/* End PBXNativeTarget section */

/* Begin PBXProject section */
		727E1BAE28C63FCA00C2AFC4 /* Project object */ = {
			isa = PBXProject;
			attributes = {
				BuildIndependentTargetsInParallel = 1;
				LastSwiftUpdateCheck = 1340;
				LastUpgradeCheck = 1340;
				TargetAttributes = {
					727E1BB528C63FCA00C2AFC4 = {
						CreatedOnToolsVersion = 13.4.1;
					};
				};
			};
			buildConfigurationList = 727E1BB128C63FCA00C2AFC4 /* Build configuration list for PBXProject "BuildABuddy" */;
			compatibilityVersion = "Xcode 13.0";
			developmentRegion = en;
			hasScannedForEncodings = 0;
			knownRegions = (
				en,
				Base,
			);
			mainGroup = 727E1BAD28C63FCA00C2AFC4;
			productRefGroup = 727E1BB728C63FCA00C2AFC4 /* Products */;
			projectDirPath = "";
			projectRoot = "";
			targets = (
				727E1BB528C63FCA00C2AFC4 /* BuildABuddy */,
			);
		};
/* End PBXProject section */

/* Begin PBXResourcesBuildPhase section */
		727E1BB428C63FCA00C2AFC4 /* Resources */ = {
			isa = PBXResourcesBuildPhase;
			buildActionMask = 2147483647;
			files = (
				727E1BBE28C63FCC00C2AFC4 /* Assets.xcassets in Resources */,
			);
			runOnlyForDeploymentPostprocessing = 0;
		};
/* End PBXResourcesBuildPhase section */

/* Begin PBXSourcesBuildPhase section */
		727E1BB228C63FCA00C2AFC4 /* Sources */ = {
			isa = PBXSourcesBuildPhase;
			buildActionMask = 2147483647;
			files = (
				727E1BE128C640C800C2AFC4 /* Eyebrow+Helpers.swift in Sources */,
				72E60B0128C7459E009C25C7 /* MouthConfiguratorView.swift in Sources */,
				72E60B0728C745E7009C25C7 /* PantsConfiguratorView.swift in Sources */,
				727E1BBC28C63FCA00C2AFC4 /* ContentView.swift in Sources */,
				727E1BE328C640C800C2AFC4 /* Shirt+Helpers.swift in Sources */,
				727E1BDB28C640C800C2AFC4 /* Mouth+Helpers.swift in Sources */,
				72E60B0928C74604009C25C7 /* ShoesConfiguratorView.swift in Sources */,
				72E60B0328C745B5009C25C7 /* HairConfiguratorView.swift in Sources */,
				727E1BDE28C640C800C2AFC4 /* Pants+Helpers.swift in Sources */,
				72E60B0B28C74639009C25C7 /* EyesConfiguratorView.swift in Sources */,
				727E1BDC28C640C800C2AFC4 /* Nose+Helpers.swift in Sources */,
				727E1BE028C640C800C2AFC4 /* Skin+Helpers.swift in Sources */,
				727E1BBA28C63FCA00C2AFC4 /* BuildABuddyApp.swift in Sources */,
				72E60B0528C745CA009C25C7 /* ShirtConfiguratorView.swift in Sources */,
				727E1BE228C640C800C2AFC4 /* Hair+Helpers.swift in Sources */,
				727E1BDF28C640C800C2AFC4 /* Shoe+Helpers.swift in Sources */,
				72E60AFE28C74530009C25C7 /* NoseConfiguratorView.swift in Sources */,
				727E1BD928C640C800C2AFC4 /* PreviewView.swift in Sources */,
				727E1BDD28C640C800C2AFC4 /* Eye+Helpers.swift in Sources */,
				727E1BE428C640C800C2AFC4 /* BuddyBuilder.swift in Sources */,
				727E1BDA28C640C800C2AFC4 /* ConfiguratorView.swift in Sources */,
			);
			runOnlyForDeploymentPostprocessing = 0;
		};
/* End PBXSourcesBuildPhase section */

/* Begin XCBuildConfiguration section */
		727E1BC228C63FCC00C2AFC4 /* Debug */ = {
			isa = XCBuildConfiguration;
			buildSettings = {
				ALWAYS_SEARCH_USER_PATHS = NO;
				CLANG_ANALYZER_NONNULL = YES;
				CLANG_ANALYZER_NUMBER_OBJECT_CONVERSION = YES_AGGRESSIVE;
				CLANG_CXX_LANGUAGE_STANDARD = "gnu++17";
				CLANG_ENABLE_MODULES = YES;
				CLANG_ENABLE_OBJC_ARC = YES;
				CLANG_ENABLE_OBJC_WEAK = YES;
				CLANG_WARN_BLOCK_CAPTURE_AUTORELEASING = YES;
				CLANG_WARN_BOOL_CONVERSION = YES;
				CLANG_WARN_COMMA = YES;
				CLANG_WARN_CONSTANT_CONVERSION = YES;
				CLANG_WARN_DEPRECATED_OBJC_IMPLEMENTATIONS = YES;
				CLANG_WARN_DIRECT_OBJC_ISA_USAGE = YES_ERROR;
				CLANG_WARN_DOCUMENTATION_COMMENTS = YES;
				CLANG_WARN_EMPTY_BODY = YES;
				CLANG_WARN_ENUM_CONVERSION = YES;
				CLANG_WARN_INFINITE_RECURSION = YES;
				CLANG_WARN_INT_CONVERSION = YES;
				CLANG_WARN_NON_LITERAL_NULL_CONVERSION = YES;
				CLANG_WARN_OBJC_IMPLICIT_RETAIN_SELF = YES;
				CLANG_WARN_OBJC_LITERAL_CONVERSION = YES;
				CLANG_WARN_OBJC_ROOT_CLASS = YES_ERROR;
				CLANG_WARN_QUOTED_INCLUDE_IN_FRAMEWORK_HEADER = YES;
				CLANG_WARN_RANGE_LOOP_ANALYSIS = YES;
				CLANG_WARN_STRICT_PROTOTYPES = YES;
				CLANG_WARN_SUSPICIOUS_MOVE = YES;
				CLANG_WARN_UNGUARDED_AVAILABILITY = YES_AGGRESSIVE;
				CLANG_WARN_UNREACHABLE_CODE = YES;
				CLANG_WARN__DUPLICATE_METHOD_MATCH = YES;
				COPY_PHASE_STRIP = NO;
				DEBUG_INFORMATION_FORMAT = dwarf;
				ENABLE_STRICT_OBJC_MSGSEND = YES;
				ENABLE_TESTABILITY = YES;
				GCC_C_LANGUAGE_STANDARD = gnu11;
				GCC_DYNAMIC_NO_PIC = NO;
				GCC_NO_COMMON_BLOCKS = YES;
				GCC_OPTIMIZATION_LEVEL = 0;
				GCC_PREPROCESSOR_DEFINITIONS = (
					"DEBUG=1",
					"$(inherited)",
				);
				GCC_WARN_64_TO_32_BIT_CONVERSION = YES;
				GCC_WARN_ABOUT_RETURN_TYPE = YES_ERROR;
				GCC_WARN_UNDECLARED_SELECTOR = YES;
				GCC_WARN_UNINITIALIZED_AUTOS = YES_AGGRESSIVE;
				GCC_WARN_UNUSED_FUNCTION = YES;
				GCC_WARN_UNUSED_VARIABLE = YES;
				IPHONEOS_DEPLOYMENT_TARGET = 15.5;
				MTL_ENABLE_DEBUG_INFO = INCLUDE_SOURCE;
				MTL_FAST_MATH = YES;
				ONLY_ACTIVE_ARCH = YES;
				SDKROOT = iphoneos;
				SWIFT_ACTIVE_COMPILATION_CONDITIONS = DEBUG;
				SWIFT_OPTIMIZATION_LEVEL = "-Onone";
			};
			name = Debug;
		};
		727E1BC328C63FCC00C2AFC4 /* Release */ = {
			isa = XCBuildConfiguration;
			buildSettings = {
				ALWAYS_SEARCH_USER_PATHS = NO;
				CLANG_ANALYZER_NONNULL = YES;
				CLANG_ANALYZER_NUMBER_OBJECT_CONVERSION = YES_AGGRESSIVE;
				CLANG_CXX_LANGUAGE_STANDARD = "gnu++17";
				CLANG_ENABLE_MODULES = YES;
				CLANG_ENABLE_OBJC_ARC = YES;
				CLANG_ENABLE_OBJC_WEAK = YES;
				CLANG_WARN_BLOCK_CAPTURE_AUTORELEASING = YES;
				CLANG_WARN_BOOL_CONVERSION = YES;
				CLANG_WARN_COMMA = YES;
				CLANG_WARN_CONSTANT_CONVERSION = YES;
				CLANG_WARN_DEPRECATED_OBJC_IMPLEMENTATIONS = YES;
				CLANG_WARN_DIRECT_OBJC_ISA_USAGE = YES_ERROR;
				CLANG_WARN_DOCUMENTATION_COMMENTS = YES;
				CLANG_WARN_EMPTY_BODY = YES;
				CLANG_WARN_ENUM_CONVERSION = YES;
				CLANG_WARN_INFINITE_RECURSION = YES;
				CLANG_WARN_INT_CONVERSION = YES;
				CLANG_WARN_NON_LITERAL_NULL_CONVERSION = YES;
				CLANG_WARN_OBJC_IMPLICIT_RETAIN_SELF = YES;
				CLANG_WARN_OBJC_LITERAL_CONVERSION = YES;
				CLANG_WARN_OBJC_ROOT_CLASS = YES_ERROR;
				CLANG_WARN_QUOTED_INCLUDE_IN_FRAMEWORK_HEADER = YES;
				CLANG_WARN_RANGE_LOOP_ANALYSIS = YES;
				CLANG_WARN_STRICT_PROTOTYPES = YES;
				CLANG_WARN_SUSPICIOUS_MOVE = YES;
				CLANG_WARN_UNGUARDED_AVAILABILITY = YES_AGGRESSIVE;
				CLANG_WARN_UNREACHABLE_CODE = YES;
				CLANG_WARN__DUPLICATE_METHOD_MATCH = YES;
				COPY_PHASE_STRIP = NO;
				DEBUG_INFORMATION_FORMAT = "dwarf-with-dsym";
				ENABLE_NS_ASSERTIONS = NO;
				ENABLE_STRICT_OBJC_MSGSEND = YES;
				GCC_C_LANGUAGE_STANDARD = gnu11;
				GCC_NO_COMMON_BLOCKS = YES;
				GCC_WARN_64_TO_32_BIT_CONVERSION = YES;
				GCC_WARN_ABOUT_RETURN_TYPE = YES_ERROR;
				GCC_WARN_UNDECLARED_SELECTOR = YES;
				GCC_WARN_UNINITIALIZED_AUTOS = YES_AGGRESSIVE;
				GCC_WARN_UNUSED_FUNCTION = YES;
				GCC_WARN_UNUSED_VARIABLE = YES;
				IPHONEOS_DEPLOYMENT_TARGET = 15.5;
				MTL_ENABLE_DEBUG_INFO = NO;
				MTL_FAST_MATH = YES;
				SDKROOT = iphoneos;
				SWIFT_COMPILATION_MODE = wholemodule;
				SWIFT_OPTIMIZATION_LEVEL = "-O";
				VALIDATE_PRODUCT = YES;
			};
			name = Release;
		};
		727E1BC528C63FCC00C2AFC4 /* Debug */ = {
			isa = XCBuildConfiguration;
			buildSettings = {
				ASSETCATALOG_COMPILER_APPICON_NAME = AppIcon;
				ASSETCATALOG_COMPILER_GLOBAL_ACCENT_COLOR_NAME = AccentColor;
				CODE_SIGN_STYLE = Automatic;
				CURRENT_PROJECT_VERSION = 1;
				DEVELOPMENT_TEAM = 8NQFWJHC63;
				ENABLE_PREVIEWS = YES;
				GENERATE_INFOPLIST_FILE = YES;
				INFOPLIST_KEY_UIApplicationSceneManifest_Generation = YES;
				INFOPLIST_KEY_UIApplicationSupportsIndirectInputEvents = YES;
				INFOPLIST_KEY_UILaunchScreen_Generation = YES;
				INFOPLIST_KEY_UISupportedInterfaceOrientations_iPad = "UIInterfaceOrientationPortrait UIInterfaceOrientationPortraitUpsideDown UIInterfaceOrientationLandscapeLeft UIInterfaceOrientationLandscapeRight";
				INFOPLIST_KEY_UISupportedInterfaceOrientations_iPhone = "UIInterfaceOrientationPortrait UIInterfaceOrientationLandscapeLeft UIInterfaceOrientationLandscapeRight";
				LD_RUNPATH_SEARCH_PATHS = (
					"$(inherited)",
					"@executable_path/Frameworks",
				);
				MARKETING_VERSION = 1.0;
				PRODUCT_BUNDLE_IDENTIFIER = dk.simonbs.BuildABuddy;
				PRODUCT_NAME = "$(TARGET_NAME)";
				SWIFT_EMIT_LOC_STRINGS = YES;
				SWIFT_VERSION = 5.0;
				TARGETED_DEVICE_FAMILY = "1,2";
			};
			name = Debug;
		};
		727E1BC628C63FCC00C2AFC4 /* Release */ = {
			isa = XCBuildConfiguration;
			buildSettings = {
				ASSETCATALOG_COMPILER_APPICON_NAME = AppIcon;
				ASSETCATALOG_COMPILER_GLOBAL_ACCENT_COLOR_NAME = AccentColor;
				CODE_SIGN_STYLE = Automatic;
				CURRENT_PROJECT_VERSION = 1;
				DEVELOPMENT_TEAM = 8NQFWJHC63;
				ENABLE_PREVIEWS = YES;
				GENERATE_INFOPLIST_FILE = YES;
				INFOPLIST_KEY_UIApplicationSceneManifest_Generation = YES;
				INFOPLIST_KEY_UIApplicationSupportsIndirectInputEvents = YES;
				INFOPLIST_KEY_UILaunchScreen_Generation = YES;
				INFOPLIST_KEY_UISupportedInterfaceOrientations_iPad = "UIInterfaceOrientationPortrait UIInterfaceOrientationPortraitUpsideDown UIInterfaceOrientationLandscapeLeft UIInterfaceOrientationLandscapeRight";
				INFOPLIST_KEY_UISupportedInterfaceOrientations_iPhone = "UIInterfaceOrientationPortrait UIInterfaceOrientationLandscapeLeft UIInterfaceOrientationLandscapeRight";
				LD_RUNPATH_SEARCH_PATHS = (
					"$(inherited)",
					"@executable_path/Frameworks",
				);
				MARKETING_VERSION = 1.0;
				PRODUCT_BUNDLE_IDENTIFIER = dk.simonbs.BuildABuddy;
				PRODUCT_NAME = "$(TARGET_NAME)";
				SWIFT_EMIT_LOC_STRINGS = YES;
				SWIFT_VERSION = 5.0;
				TARGETED_DEVICE_FAMILY = "1,2";
			};
			name = Release;
		};
/* End XCBuildConfiguration section */

/* Begin XCConfigurationList section */
		727E1BB128C63FCA00C2AFC4 /* Build configuration list for PBXProject "BuildABuddy" */ = {
			isa = XCConfigurationList;
			buildConfigurations = (
				727E1BC228C63FCC00C2AFC4 /* Debug */,
				727E1BC328C63FCC00C2AFC4 /* Release */,
			);
			defaultConfigurationIsVisible = 0;
			defaultConfigurationName = Release;
		};
		727E1BC428C63FCC00C2AFC4 /* Build configuration list for PBXNativeTarget "BuildABuddy" */ = {
			isa = XCConfigurationList;
			buildConfigurations = (
				727E1BC528C63FCC00C2AFC4 /* Debug */,
				727E1BC628C63FCC00C2AFC4 /* Release */,
			);
			defaultConfigurationIsVisible = 0;
			defaultConfigurationName = Release;
		};
/* End XCConfigurationList section */

/* Begin XCSwiftPackageProductDependency section */
		727E1BCA28C640A400C2AFC4 /* BuildABuddyKit */ = {
			isa = XCSwiftPackageProductDependency;
			productName = BuildABuddyKit;
		};
/* End XCSwiftPackageProductDependency section */
	};
	rootObject = 727E1BAE28C63FCA00C2AFC4 /* Project object */;
}
